
Microsoft Visual Studio Solution File, Format Version 12.00
# Visual Studio Version 17
VisualStudioVersion = 17.6.33801.468
MinimumVisualStudioVersion = 10.0.40219.1
Project("{2150E333-8FDC-42A3-9474-1A3956D46DE8}") = "公共项目", "公共项目", "{B616DEEE-DF47-4BC3-BAA9-D223D221B6EB}"
EndProject
Project("{2150E333-8FDC-42A3-9474-1A3956D46DE8}") = "电脑端", "电脑端", "{528DAACD-0030-4435-B208-CEB0771F1E63}"
EndProject
Project("{2150E333-8FDC-42A3-9474-1A3956D46DE8}") = "安卓端", "安卓端", "{A9146056-4560-4FC8-8AA6-903299A7FE26}"
EndProject
Project("{FAE04EC0-301F-11D3-BF4B-00C04F79EFBC}") = "Engine", "Engine\Engine.csproj", "{1BD2F152-AB0E-4351-BCF7-9ACC22D66032}"
EndProject
Project("{FAE04EC0-301F-11D3-BF4B-00C04F79EFBC}") = "Engine_android", "Engine_android\Engine_android.csproj", "{2B5CFE67-D78B-4CCD-A6BB-616BF772C094}"
EndProject
Project("{FAE04EC0-301F-11D3-BF4B-00C04F79EFBC}") = "Launch_android", "Launch_android\Launch_android.csproj", "{16D7BCA8-E82F-40B0-9142-78B16FA597BF}"
EndProject
Project("{FAE04EC0-301F-11D3-BF4B-00C04F79EFBC}") = "EntitySystem", "EntitySystem\EntitySystem.csproj", "{4CC1004A-3B04-4129-8FFA-B2FEFEF6644C}"
EndProject
Project("{FAE04EC0-301F-11D3-BF4B-00C04F79EFBC}") = "Survivalcraft", "Survivalcraft\Survivalcraft.csproj", "{8DF9DBBC-F471-406E-A247-B07935723E07}"
EndProject
Project("{FAE04EC0-301F-11D3-BF4B-00C04F79EFBC}") = "Survivalcraft_android", "Survivalcraft_android\Survivalcraft_android.csproj", "{8F0CB2A0-6F8C-4BB2-BDD2-EBAEBBC122B8}"
EndProject
Project("{2150E333-8FDC-42A3-9474-1A3956D46DE8}") = "Test", "Test", "{6F48CB29-CB63-4BF6-9FC3-58A4A4B4DD2F}"
EndProject
Project("{FAE04EC0-301F-11D3-BF4B-00C04F79EFBC}") = "ConsoleTest", "ConsoleTest\ConsoleTest.csproj", "{BD74188C-54D3-48C6-A4DB-B7E4B30FB120}"
EndProject
Project("{2150E333-8FDC-42A3-9474-1A3956D46DE8}") = "IOS端", "IOS端", "{9F5F774E-3AD8-410B-92BD-2DBF5247F651}"
EndProject
Project("{FAE04EC0-301F-11D3-BF4B-00C04F79EFBC}") = "ios_launcher", "SurvivalCraftAPI\ios_launcher.csproj", "{DB741A88-CCB6-4ED5-8119-F4CC6F3BD6B7}"
EndProject
Project("{FAE04EC0-301F-11D3-BF4B-00C04F79EFBC}") = "Engine_Lib", "Engine_Lib\Engine_Lib.csproj", "{418BD1A3-FAC5-43B5-A292-2B87C120C046}"
EndProject
Project("{FAE04EC0-301F-11D3-BF4B-00C04F79EFBC}") = "Engine_IOS", "Engine_IOS\Engine_IOS.csproj", "{AE2E15D6-6021-48DC-AE89-4A99F1D09BA6}"
EndProject
Project("{FAE04EC0-301F-11D3-BF4B-00C04F79EFBC}") = "SurvivalCraftIOS", "SurvivalCraftIOS\SurvivalCraftIOS.csproj", "{DB4D4AEB-9689-4FE0-8EC8-43409C9144F8}"
EndProject
Project("{FAE04EC0-301F-11D3-BF4B-00C04F79EFBC}") = "EntitySystem_IOS", "EntitySystem_IOS\EntitySystem_IOS.csproj", "{90A1D9E6-530A-4E49-9356-663B2475CE42}"
EndProject
Global
	GlobalSection(SolutionConfigurationPlatforms) = preSolution
		Debug|Any CPU = Debug|Any CPU
		Debug|iPhone = Debug|iPhone
		Debug|iPhoneSimulator = Debug|iPhoneSimulator
		Release|Any CPU = Release|Any CPU
		Release|iPhone = Release|iPhone
		Release|iPhoneSimulator = Release|iPhoneSimulator
	EndGlobalSection
	GlobalSection(ProjectConfigurationPlatforms) = postSolution
		{1BD2F152-AB0E-4351-BCF7-9ACC22D66032}.Debug|Any CPU.ActiveCfg = Debug|Any CPU
		{1BD2F152-AB0E-4351-BCF7-9ACC22D66032}.Debug|Any CPU.Build.0 = Debug|Any CPU
		{1BD2F152-AB0E-4351-BCF7-9ACC22D66032}.Debug|iPhone.ActiveCfg = Debug|Any CPU
		{1BD2F152-AB0E-4351-BCF7-9ACC22D66032}.Debug|iPhone.Build.0 = Debug|Any CPU
		{1BD2F152-AB0E-4351-BCF7-9ACC22D66032}.Debug|iPhoneSimulator.ActiveCfg = Debug|Any CPU
		{1BD2F152-AB0E-4351-BCF7-9ACC22D66032}.Debug|iPhoneSimulator.Build.0 = Debug|Any CPU
		{1BD2F152-AB0E-4351-BCF7-9ACC22D66032}.Release|Any CPU.ActiveCfg = Release|Any CPU
		{1BD2F152-AB0E-4351-BCF7-9ACC22D66032}.Release|Any CPU.Build.0 = Release|Any CPU
		{1BD2F152-AB0E-4351-BCF7-9ACC22D66032}.Release|iPhone.ActiveCfg = Release|Any CPU
		{1BD2F152-AB0E-4351-BCF7-9ACC22D66032}.Release|iPhone.Build.0 = Release|Any CPU
		{1BD2F152-AB0E-4351-BCF7-9ACC22D66032}.Release|iPhoneSimulator.ActiveCfg = Release|Any CPU
		{1BD2F152-AB0E-4351-BCF7-9ACC22D66032}.Release|iPhoneSimulator.Build.0 = Release|Any CPU
		{2B5CFE67-D78B-4CCD-A6BB-616BF772C094}.Debug|Any CPU.ActiveCfg = Debug|Any CPU
		{2B5CFE67-D78B-4CCD-A6BB-616BF772C094}.Debug|Any CPU.Build.0 = Debug|Any CPU
		{2B5CFE67-D78B-4CCD-A6BB-616BF772C094}.Debug|iPhone.ActiveCfg = Debug|Any CPU
		{2B5CFE67-D78B-4CCD-A6BB-616BF772C094}.Debug|iPhone.Build.0 = Debug|Any CPU
		{2B5CFE67-D78B-4CCD-A6BB-616BF772C094}.Debug|iPhoneSimulator.ActiveCfg = Debug|Any CPU
		{2B5CFE67-D78B-4CCD-A6BB-616BF772C094}.Debug|iPhoneSimulator.Build.0 = Debug|Any CPU
		{2B5CFE67-D78B-4CCD-A6BB-616BF772C094}.Release|Any CPU.ActiveCfg = Release|Any CPU
		{2B5CFE67-D78B-4CCD-A6BB-616BF772C094}.Release|Any CPU.Build.0 = Release|Any CPU
		{2B5CFE67-D78B-4CCD-A6BB-616BF772C094}.Release|iPhone.ActiveCfg = Release|Any CPU
		{2B5CFE67-D78B-4CCD-A6BB-616BF772C094}.Release|iPhone.Build.0 = Release|Any CPU
		{2B5CFE67-D78B-4CCD-A6BB-616BF772C094}.Release|iPhoneSimulator.ActiveCfg = Release|Any CPU
		{2B5CFE67-D78B-4CCD-A6BB-616BF772C094}.Release|iPhoneSimulator.Build.0 = Release|Any CPU
		{16D7BCA8-E82F-40B0-9142-78B16FA597BF}.Debug|Any CPU.ActiveCfg = Debug|Any CPU
		{16D7BCA8-E82F-40B0-9142-78B16FA597BF}.Debug|Any CPU.Build.0 = Debug|Any CPU
		{16D7BCA8-E82F-40B0-9142-78B16FA597BF}.Debug|Any CPU.Deploy.0 = Debug|Any CPU
		{16D7BCA8-E82F-40B0-9142-78B16FA597BF}.Debug|iPhone.ActiveCfg = Debug|Any CPU
		{16D7BCA8-E82F-40B0-9142-78B16FA597BF}.Debug|iPhone.Build.0 = Debug|Any CPU
		{16D7BCA8-E82F-40B0-9142-78B16FA597BF}.Debug|iPhone.Deploy.0 = Debug|Any CPU
		{16D7BCA8-E82F-40B0-9142-78B16FA597BF}.Debug|iPhoneSimulator.ActiveCfg = Debug|Any CPU
		{16D7BCA8-E82F-40B0-9142-78B16FA597BF}.Debug|iPhoneSimulator.Build.0 = Debug|Any CPU
		{16D7BCA8-E82F-40B0-9142-78B16FA597BF}.Debug|iPhoneSimulator.Deploy.0 = Debug|Any CPU
		{16D7BCA8-E82F-40B0-9142-78B16FA597BF}.Release|Any CPU.ActiveCfg = Release|Any CPU
		{16D7BCA8-E82F-40B0-9142-78B16FA597BF}.Release|Any CPU.Build.0 = Release|Any CPU
		{16D7BCA8-E82F-40B0-9142-78B16FA597BF}.Release|Any CPU.Deploy.0 = Release|Any CPU
		{16D7BCA8-E82F-40B0-9142-78B16FA597BF}.Release|iPhone.ActiveCfg = Release|Any CPU
		{16D7BCA8-E82F-40B0-9142-78B16FA597BF}.Release|iPhone.Build.0 = Release|Any CPU
		{16D7BCA8-E82F-40B0-9142-78B16FA597BF}.Release|iPhone.Deploy.0 = Release|Any CPU
		{16D7BCA8-E82F-40B0-9142-78B16FA597BF}.Release|iPhoneSimulator.ActiveCfg = Release|Any CPU
		{16D7BCA8-E82F-40B0-9142-78B16FA597BF}.Release|iPhoneSimulator.Build.0 = Release|Any CPU
		{16D7BCA8-E82F-40B0-9142-78B16FA597BF}.Release|iPhoneSimulator.Deploy.0 = Release|Any CPU
		{4CC1004A-3B04-4129-8FFA-B2FEFEF6644C}.Debug|Any CPU.ActiveCfg = Debug|Any CPU
		{4CC1004A-3B04-4129-8FFA-B2FEFEF6644C}.Debug|Any CPU.Build.0 = Debug|Any CPU
		{4CC1004A-3B04-4129-8FFA-B2FEFEF6644C}.Debug|iPhone.ActiveCfg = Debug|Any CPU
		{4CC1004A-3B04-4129-8FFA-B2FEFEF6644C}.Debug|iPhone.Build.0 = Debug|Any CPU
		{4CC1004A-3B04-4129-8FFA-B2FEFEF6644C}.Debug|iPhoneSimulator.ActiveCfg = Debug|Any CPU
		{4CC1004A-3B04-4129-8FFA-B2FEFEF6644C}.Debug|iPhoneSimulator.Build.0 = Debug|Any CPU
		{4CC1004A-3B04-4129-8FFA-B2FEFEF6644C}.Release|Any CPU.ActiveCfg = Release|Any CPU
		{4CC1004A-3B04-4129-8FFA-B2FEFEF6644C}.Release|Any CPU.Build.0 = Release|Any CPU
		{4CC1004A-3B04-4129-8FFA-B2FEFEF6644C}.Release|iPhone.ActiveCfg = Release|Any CPU
		{4CC1004A-3B04-4129-8FFA-B2FEFEF6644C}.Release|iPhone.Build.0 = Release|Any CPU
		{4CC1004A-3B04-4129-8FFA-B2FEFEF6644C}.Release|iPhoneSimulator.ActiveCfg = Release|Any CPU
		{4CC1004A-3B04-4129-8FFA-B2FEFEF6644C}.Release|iPhoneSimulator.Build.0 = Release|Any CPU
		{8DF9DBBC-F471-406E-A247-B07935723E07}.Debug|Any CPU.ActiveCfg = Debug|Any CPU
		{8DF9DBBC-F471-406E-A247-B07935723E07}.Debug|Any CPU.Build.0 = Debug|Any CPU
		{8DF9DBBC-F471-406E-A247-B07935723E07}.Debug|iPhone.ActiveCfg = Debug|Any CPU
		{8DF9DBBC-F471-406E-A247-B07935723E07}.Debug|iPhone.Build.0 = Debug|Any CPU
		{8DF9DBBC-F471-406E-A247-B07935723E07}.Debug|iPhoneSimulator.ActiveCfg = Debug|Any CPU
		{8DF9DBBC-F471-406E-A247-B07935723E07}.Debug|iPhoneSimulator.Build.0 = Debug|Any CPU
		{8DF9DBBC-F471-406E-A247-B07935723E07}.Release|Any CPU.ActiveCfg = Release|Any CPU
		{8DF9DBBC-F471-406E-A247-B07935723E07}.Release|Any CPU.Build.0 = Release|Any CPU
		{8DF9DBBC-F471-406E-A247-B07935723E07}.Release|iPhone.ActiveCfg = Release|Any CPU
		{8DF9DBBC-F471-406E-A247-B07935723E07}.Release|iPhone.Build.0 = Release|Any CPU
		{8DF9DBBC-F471-406E-A247-B07935723E07}.Release|iPhoneSimulator.ActiveCfg = Release|Any CPU
		{8DF9DBBC-F471-406E-A247-B07935723E07}.Release|iPhoneSimulator.Build.0 = Release|Any CPU
		{8F0CB2A0-6F8C-4BB2-BDD2-EBAEBBC122B8}.Debug|Any CPU.ActiveCfg = Debug|Any CPU
		{8F0CB2A0-6F8C-4BB2-BDD2-EBAEBBC122B8}.Debug|Any CPU.Build.0 = Debug|Any CPU
		{8F0CB2A0-6F8C-4BB2-BDD2-EBAEBBC122B8}.Debug|iPhone.ActiveCfg = Debug|Any CPU
		{8F0CB2A0-6F8C-4BB2-BDD2-EBAEBBC122B8}.Debug|iPhone.Build.0 = Debug|Any CPU
		{8F0CB2A0-6F8C-4BB2-BDD2-EBAEBBC122B8}.Debug|iPhoneSimulator.ActiveCfg = Debug|Any CPU
		{8F0CB2A0-6F8C-4BB2-BDD2-EBAEBBC122B8}.Debug|iPhoneSimulator.Build.0 = Debug|Any CPU
		{8F0CB2A0-6F8C-4BB2-BDD2-EBAEBBC122B8}.Release|Any CPU.ActiveCfg = Release|Any CPU
		{8F0CB2A0-6F8C-4BB2-BDD2-EBAEBBC122B8}.Release|Any CPU.Build.0 = Release|Any CPU
		{8F0CB2A0-6F8C-4BB2-BDD2-EBAEBBC122B8}.Release|iPhone.ActiveCfg = Release|Any CPU
		{8F0CB2A0-6F8C-4BB2-BDD2-EBAEBBC122B8}.Release|iPhone.Build.0 = Release|Any CPU
		{8F0CB2A0-6F8C-4BB2-BDD2-EBAEBBC122B8}.Release|iPhoneSimulator.ActiveCfg = Release|Any CPU
		{8F0CB2A0-6F8C-4BB2-BDD2-EBAEBBC122B8}.Release|iPhoneSimulator.Build.0 = Release|Any CPU
		{BD74188C-54D3-48C6-A4DB-B7E4B30FB120}.Debug|Any CPU.ActiveCfg = Debug|Any CPU
		{BD74188C-54D3-48C6-A4DB-B7E4B30FB120}.Debug|iPhone.ActiveCfg = Debug|Any CPU
		{BD74188C-54D3-48C6-A4DB-B7E4B30FB120}.Debug|iPhone.Build.0 = Debug|Any CPU
		{BD74188C-54D3-48C6-A4DB-B7E4B30FB120}.Debug|iPhoneSimulator.ActiveCfg = Debug|Any CPU
		{BD74188C-54D3-48C6-A4DB-B7E4B30FB120}.Debug|iPhoneSimulator.Build.0 = Debug|Any CPU
		{BD74188C-54D3-48C6-A4DB-B7E4B30FB120}.Release|Any CPU.ActiveCfg = Release|Any CPU
		{BD74188C-54D3-48C6-A4DB-B7E4B30FB120}.Release|iPhone.ActiveCfg = Release|Any CPU
		{BD74188C-54D3-48C6-A4DB-B7E4B30FB120}.Release|iPhone.Build.0 = Release|Any CPU
		{BD74188C-54D3-48C6-A4DB-B7E4B30FB120}.Release|iPhoneSimulator.ActiveCfg = Release|Any CPU
		{BD74188C-54D3-48C6-A4DB-B7E4B30FB120}.Release|iPhoneSimulator.Build.0 = Release|Any CPU
		{DB741A88-CCB6-4ED5-8119-F4CC6F3BD6B7}.Debug|Any CPU.ActiveCfg = Debug|iPhoneSimulator
		{DB741A88-CCB6-4ED5-8119-F4CC6F3BD6B7}.Debug|Any CPU.Build.0 = Debug|iPhoneSimulator
		{DB741A88-CCB6-4ED5-8119-F4CC6F3BD6B7}.Debug|iPhone.ActiveCfg = Debug|iPhone
		{DB741A88-CCB6-4ED5-8119-F4CC6F3BD6B7}.Debug|iPhone.Build.0 = Debug|iPhone
		{DB741A88-CCB6-4ED5-8119-F4CC6F3BD6B7}.Debug|iPhone.Deploy.0 = Debug|iPhone
		{DB741A88-CCB6-4ED5-8119-F4CC6F3BD6B7}.Debug|iPhoneSimulator.ActiveCfg = Debug|iPhoneSimulator
		{DB741A88-CCB6-4ED5-8119-F4CC6F3BD6B7}.Debug|iPhoneSimulator.Build.0 = Debug|iPhoneSimulator
		{DB741A88-CCB6-4ED5-8119-F4CC6F3BD6B7}.Release|Any CPU.ActiveCfg = Release|iPhoneSimulator
		{DB741A88-CCB6-4ED5-8119-F4CC6F3BD6B7}.Release|Any CPU.Build.0 = Release|iPhoneSimulator
		{DB741A88-CCB6-4ED5-8119-F4CC6F3BD6B7}.Release|iPhone.ActiveCfg = Release|iPhone
		{DB741A88-CCB6-4ED5-8119-F4CC6F3BD6B7}.Release|iPhone.Build.0 = Release|iPhone
		{DB741A88-CCB6-4ED5-8119-F4CC6F3BD6B7}.Release|iPhoneSimulator.ActiveCfg = Release|iPhoneSimulator
		{DB741A88-CCB6-4ED5-8119-F4CC6F3BD6B7}.Release|iPhoneSimulator.Build.0 = Release|iPhoneSimulator
		{418BD1A3-FAC5-43B5-A292-2B87C120C046}.Debug|Any CPU.ActiveCfg = Debug|Any CPU
		{418BD1A3-FAC5-43B5-A292-2B87C120C046}.Debug|Any CPU.Build.0 = Debug|Any CPU
		{418BD1A3-FAC5-43B5-A292-2B87C120C046}.Debug|iPhone.ActiveCfg = Debug|Any CPU
		{418BD1A3-FAC5-43B5-A292-2B87C120C046}.Debug|iPhone.Build.0 = Debug|Any CPU
		{418BD1A3-FAC5-43B5-A292-2B87C120C046}.Debug|iPhoneSimulator.ActiveCfg = Debug|Any CPU
		{418BD1A3-FAC5-43B5-A292-2B87C120C046}.Debug|iPhoneSimulator.Build.0 = Debug|Any CPU
		{418BD1A3-FAC5-43B5-A292-2B87C120C046}.Release|Any CPU.ActiveCfg = Release|Any CPU
		{418BD1A3-FAC5-43B5-A292-2B87C120C046}.Release|Any CPU.Build.0 = Release|Any CPU
		{418BD1A3-FAC5-43B5-A292-2B87C120C046}.Release|iPhone.ActiveCfg = Release|Any CPU
		{418BD1A3-FAC5-43B5-A292-2B87C120C046}.Release|iPhone.Build.0 = Release|Any CPU
		{418BD1A3-FAC5-43B5-A292-2B87C120C046}.Release|iPhoneSimulator.ActiveCfg = Release|Any CPU
		{418BD1A3-FAC5-43B5-A292-2B87C120C046}.Release|iPhoneSimulator.Build.0 = Release|Any CPU
		{AE2E15D6-6021-48DC-AE89-4A99F1D09BA6}.Debug|Any CPU.ActiveCfg = Debug|Any CPU
		{AE2E15D6-6021-48DC-AE89-4A99F1D09BA6}.Debug|Any CPU.Build.0 = Debug|Any CPU
		{AE2E15D6-6021-48DC-AE89-4A99F1D09BA6}.Debug|iPhone.ActiveCfg = Debug|Any CPU
		{AE2E15D6-6021-48DC-AE89-4A99F1D09BA6}.Debug|iPhone.Build.0 = Debug|Any CPU
		{AE2E15D6-6021-48DC-AE89-4A99F1D09BA6}.Debug|iPhoneSimulator.ActiveCfg = Debug|Any CPU
		{AE2E15D6-6021-48DC-AE89-4A99F1D09BA6}.Debug|iPhoneSimulator.Build.0 = Debug|Any CPU
		{AE2E15D6-6021-48DC-AE89-4A99F1D09BA6}.Release|Any CPU.ActiveCfg = Release|Any CPU
		{AE2E15D6-6021-48DC-AE89-4A99F1D09BA6}.Release|Any CPU.Build.0 = Release|Any CPU
		{AE2E15D6-6021-48DC-AE89-4A99F1D09BA6}.Release|iPhone.ActiveCfg = Release|Any CPU
		{AE2E15D6-6021-48DC-AE89-4A99F1D09BA6}.Release|iPhone.Build.0 = Release|Any CPU
		{AE2E15D6-6021-48DC-AE89-4A99F1D09BA6}.Release|iPhoneSimulator.ActiveCfg = Release|Any CPU
		{AE2E15D6-6021-48DC-AE89-4A99F1D09BA6}.Release|iPhoneSimulator.Build.0 = Release|Any CPU
		{DB4D4AEB-9689-4FE0-8EC8-43409C9144F8}.Debug|Any CPU.ActiveCfg = Debug|Any CPU
		{DB4D4AEB-9689-4FE0-8EC8-43409C9144F8}.Debug|Any CPU.Build.0 = Debug|Any CPU
		{DB4D4AEB-9689-4FE0-8EC8-43409C9144F8}.Debug|iPhone.ActiveCfg = Debug|Any CPU
		{DB4D4AEB-9689-4FE0-8EC8-43409C9144F8}.Debug|iPhone.Build.0 = Debug|Any CPU
		{DB4D4AEB-9689-4FE0-8EC8-43409C9144F8}.Debug|iPhoneSimulator.ActiveCfg = Debug|Any CPU
		{DB4D4AEB-9689-4FE0-8EC8-43409C9144F8}.Debug|iPhoneSimulator.Build.0 = Debug|Any CPU
		{DB4D4AEB-9689-4FE0-8EC8-43409C9144F8}.Release|Any CPU.ActiveCfg = Release|Any CPU
		{DB4D4AEB-9689-4FE0-8EC8-43409C9144F8}.Release|Any CPU.Build.0 = Release|Any CPU
		{DB4D4AEB-9689-4FE0-8EC8-43409C9144F8}.Release|iPhone.ActiveCfg = Release|Any CPU
		{DB4D4AEB-9689-4FE0-8EC8-43409C9144F8}.Release|iPhone.Build.0 = Release|Any CPU
		{DB4D4AEB-9689-4FE0-8EC8-43409C9144F8}.Release|iPhoneSimulator.ActiveCfg = Release|Any CPU
		{DB4D4AEB-9689-4FE0-8EC8-43409C9144F8}.Release|iPhoneSimulator.Build.0 = Release|Any CPU
		{90A1D9E6-530A-4E49-9356-663B2475CE42}.Debug|Any CPU.ActiveCfg = Debug|Any CPU
		{90A1D9E6-530A-4E49-9356-663B2475CE42}.Debug|Any CPU.Build.0 = Debug|Any CPU
		{90A1D9E6-530A-4E49-9356-663B2475CE42}.Debug|iPhone.ActiveCfg = Debug|Any CPU
		{90A1D9E6-530A-4E49-9356-663B2475CE42}.Debug|iPhone.Build.0 = Debug|Any CPU
		{90A1D9E6-530A-4E49-9356-663B2475CE42}.Debug|iPhoneSimulator.ActiveCfg = Debug|Any CPU
		{90A1D9E6-530A-4E49-9356-663B2475CE42}.Debug|iPhoneSimulator.Build.0 = Debug|Any CPU
		{90A1D9E6-530A-4E49-9356-663B2475CE42}.Release|Any CPU.ActiveCfg = Release|Any CPU
		{90A1D9E6-530A-4E49-9356-663B2475CE42}.Release|Any CPU.Build.0 = Release|Any CPU
		{90A1D9E6-530A-4E49-9356-663B2475CE42}.Release|iPhone.ActiveCfg = Release|Any CPU
		{90A1D9E6-530A-4E49-9356-663B2475CE42}.Release|iPhone.Build.0 = Release|Any CPU
		{90A1D9E6-530A-4E49-9356-663B2475CE42}.Release|iPhoneSimulator.ActiveCfg = Release|Any CPU
		{90A1D9E6-530A-4E49-9356-663B2475CE42}.Release|iPhoneSimulator.Build.0 = Release|Any CPU
	EndGlobalSection
	GlobalSection(SolutionProperties) = preSolution
		HideSolutionNode = FALSE
	EndGlobalSection
	GlobalSection(NestedProjects) = preSolution
		{1BD2F152-AB0E-4351-BCF7-9ACC22D66032} = {528DAACD-0030-4435-B208-CEB0771F1E63}
		{2B5CFE67-D78B-4CCD-A6BB-616BF772C094} = {A9146056-4560-4FC8-8AA6-903299A7FE26}
		{16D7BCA8-E82F-40B0-9142-78B16FA597BF} = {A9146056-4560-4FC8-8AA6-903299A7FE26}
		{4CC1004A-3B04-4129-8FFA-B2FEFEF6644C} = {B616DEEE-DF47-4BC3-BAA9-D223D221B6EB}
		{8DF9DBBC-F471-406E-A247-B07935723E07} = {528DAACD-0030-4435-B208-CEB0771F1E63}
		{8F0CB2A0-6F8C-4BB2-BDD2-EBAEBBC122B8} = {A9146056-4560-4FC8-8AA6-903299A7FE26}
		{BD74188C-54D3-48C6-A4DB-B7E4B30FB120} = {6F48CB29-CB63-4BF6-9FC3-58A4A4B4DD2F}
		{DB741A88-CCB6-4ED5-8119-F4CC6F3BD6B7} = {9F5F774E-3AD8-410B-92BD-2DBF5247F651}
		{418BD1A3-FAC5-43B5-A292-2B87C120C046} = {B616DEEE-DF47-4BC3-BAA9-D223D221B6EB}
		{AE2E15D6-6021-48DC-AE89-4A99F1D09BA6} = {9F5F774E-3AD8-410B-92BD-2DBF5247F651}
		{DB4D4AEB-9689-4FE0-8EC8-43409C9144F8} = {9F5F774E-3AD8-410B-92BD-2DBF5247F651}
		{90A1D9E6-530A-4E49-9356-663B2475CE42} = {9F5F774E-3AD8-410B-92BD-2DBF5247F651}
	EndGlobalSection
	GlobalSection(ExtensibilityGlobals) = postSolution
		SolutionGuid = {F3B94A30-8A32-415E-BF3C-0B94F6F144C0}
	EndGlobalSection
EndGlobal
