
Microsoft Visual Studio Solution File, Format Version 12.00
# Visual Studio Version 17
VisualStudioVersion = 17.5.002.0
MinimumVisualStudioVersion = 10.0.40219.1
Project("{9A19103F-16F7-4668-BE54-9A1E7A4F7556}") = "Survivalcraft", "Survivalcraft.csproj", "{50AB9C4E-470D-4EE4-B224-1309D5E62579}"
EndProject
Project("{2150E333-8FDC-42A3-9474-1A3956D46DE8}") = "bin", "bin", "{299AE075-9BE1-40AF-A466-0B325F42F1B3}"
EndProject
Project("{2150E333-8FDC-42A3-9474-1A3956D46DE8}") = "Debug", "Debug", "{F42880DA-1DDE-4E12-A76E-C6C58C456501}"
EndProject
Project("{2150E333-8FDC-42A3-9474-1A3956D46DE8}") = "net8.0-windows", "net8.0-windows", "{C9A0A698-D24B-4E51-B944-A459BB1A4E07}"
EndProject
Project("{2150E333-8FDC-42A3-9474-1A3956D46DE8}") = "win-x64", "win-x64", "{8C95643A-4595-4AAF-9F24-861503CD9C56}"
EndProject
Project("{2150E333-8FDC-42A3-9474-1A3956D46DE8}") = "node_modules", "node_modules", "{C5773DED-2CF4-46C8-8968-F37B54A91A81}"
EndProject
Project("{2150E333-8FDC-42A3-9474-1A3956D46DE8}") = "edge-js", "edge-js", "{781EF2E5-897C-4523-9D81-017CE2E54569}"
EndProject
Project("{2150E333-8FDC-42A3-9474-1A3956D46DE8}") = "lib", "lib", "{0A3DB16E-33EE-4F42-AAC3-0C973ADBE51E}"
EndProject
Project("{9A19103F-16F7-4668-BE54-9A1E7A4F7556}") = "bootstrap", "bin\Debug\net8.0-windows\win-x64\node_modules\edge-js\lib\bootstrap\bootstrap.csproj", "{E3BA1B96-2B75-4746-AC1F-0B9C3FEB3A94}"
EndProject
Project("{2150E333-8FDC-42A3-9474-1A3956D46DE8}") = "src", "src", "{A8D9344D-83B4-4FCF-B773-50177B2B746B}"
EndProject
Project("{2150E333-8FDC-42A3-9474-1A3956D46DE8}") = "double", "double", "{1CA8BC9B-D068-4DEF-99A1-C42C91BAA443}"
EndProject
Project("{9A19103F-16F7-4668-BE54-9A1E7A4F7556}") = "Edge.js", "bin\Debug\net8.0-windows\win-x64\node_modules\edge-js\src\double\Edge.js\Edge.js.csproj", "{EF93FD7B-910F-4A62-870D-B99A8C6EF97F}"
EndProject
Global
	GlobalSection(SolutionConfigurationPlatforms) = preSolution
		Debug|Any CPU = Debug|Any CPU
		Release|Any CPU = Release|Any CPU
	EndGlobalSection
	GlobalSection(ProjectConfigurationPlatforms) = postSolution
		{50AB9C4E-470D-4EE4-B224-1309D5E62579}.Debug|Any CPU.ActiveCfg = Debug|Any CPU
		{50AB9C4E-470D-4EE4-B224-1309D5E62579}.Debug|Any CPU.Build.0 = Debug|Any CPU
		{50AB9C4E-470D-4EE4-B224-1309D5E62579}.Release|Any CPU.ActiveCfg = Release|Any CPU
		{50AB9C4E-470D-4EE4-B224-1309D5E62579}.Release|Any CPU.Build.0 = Release|Any CPU
		{E3BA1B96-2B75-4746-AC1F-0B9C3FEB3A94}.Debug|Any CPU.ActiveCfg = Debug|Any CPU
		{E3BA1B96-2B75-4746-AC1F-0B9C3FEB3A94}.Debug|Any CPU.Build.0 = Debug|Any CPU
		{E3BA1B96-2B75-4746-AC1F-0B9C3FEB3A94}.Release|Any CPU.ActiveCfg = Release|Any CPU
		{E3BA1B96-2B75-4746-AC1F-0B9C3FEB3A94}.Release|Any CPU.Build.0 = Release|Any CPU
		{EF93FD7B-910F-4A62-870D-B99A8C6EF97F}.Debug|Any CPU.ActiveCfg = Debug|Any CPU
		{EF93FD7B-910F-4A62-870D-B99A8C6EF97F}.Debug|Any CPU.Build.0 = Debug|Any CPU
		{EF93FD7B-910F-4A62-870D-B99A8C6EF97F}.Release|Any CPU.ActiveCfg = Release|Any CPU
		{EF93FD7B-910F-4A62-870D-B99A8C6EF97F}.Release|Any CPU.Build.0 = Release|Any CPU
	EndGlobalSection
	GlobalSection(SolutionProperties) = preSolution
		HideSolutionNode = FALSE
	EndGlobalSection
	GlobalSection(NestedProjects) = preSolution
		{F42880DA-1DDE-4E12-A76E-C6C58C456501} = {299AE075-9BE1-40AF-A466-0B325F42F1B3}
		{C9A0A698-D24B-4E51-B944-A459BB1A4E07} = {F42880DA-1DDE-4E12-A76E-C6C58C456501}
		{8C95643A-4595-4AAF-9F24-861503CD9C56} = {C9A0A698-D24B-4E51-B944-A459BB1A4E07}
		{C5773DED-2CF4-46C8-8968-F37B54A91A81} = {8C95643A-4595-4AAF-9F24-861503CD9C56}
		{781EF2E5-897C-4523-9D81-017CE2E54569} = {C5773DED-2CF4-46C8-8968-F37B54A91A81}
		{0A3DB16E-33EE-4F42-AAC3-0C973ADBE51E} = {781EF2E5-897C-4523-9D81-017CE2E54569}
		{E3BA1B96-2B75-4746-AC1F-0B9C3FEB3A94} = {0A3DB16E-33EE-4F42-AAC3-0C973ADBE51E}
		{A8D9344D-83B4-4FCF-B773-50177B2B746B} = {781EF2E5-897C-4523-9D81-017CE2E54569}
		{1CA8BC9B-D068-4DEF-99A1-C42C91BAA443} = {A8D9344D-83B4-4FCF-B773-50177B2B746B}
		{EF93FD7B-910F-4A62-870D-B99A8C6EF97F} = {1CA8BC9B-D068-4DEF-99A1-C42C91BAA443}
	EndGlobalSection
	GlobalSection(ExtensibilityGlobals) = postSolution
		SolutionGuid = {0202FC08-5069-4D40-8B6A-00076F1BA71B}
	EndGlobalSection
EndGlobal
